
Microsoft Visual Studio Solution File, Format Version 12.00
# Visual Studio Version 16
VisualStudioVersion = 16.0.31702.278
MinimumVisualStudioVersion = 10.0.40219.1
Project("{FAE04EC0-301F-11D3-BF4B-00C04F79EFBC}") = "ArchPM.Unity.Events", "ArchPM.Unity.Events\ArchPM.Unity.Events.csproj", "{6C6300CA-A3F4-4F94-989A-E029590D82E9}"
EndProject
Project("{FAE04EC0-301F-11D3-BF4B-00C04F79EFBC}") = "ArchPM.Unity.Events.Tests", "ArchPM.Unity.Events.Tests\ArchPM.Unity.Events.Tests.csproj", "{CD92B22D-7707-4FC7-B6BA-F299273AF0E1}"
EndProject
Global
	GlobalSection(SolutionConfigurationPlatforms) = preSolution
		Debug|Any CPU = Debug|Any CPU
		Release|Any CPU = Release|Any CPU
	EndGlobalSection
	GlobalSection(ProjectConfigurationPlatforms) = postSolution
		{6C6300CA-A3F4-4F94-989A-E029590D82E9}.Debug|Any CPU.ActiveCfg = Debug|Any CPU
		{6C6300CA-A3F4-4F94-989A-E029590D82E9}.Debug|Any CPU.Build.0 = Debug|Any CPU
		{6C6300CA-A3F4-4F94-989A-E029590D82E9}.Release|Any CPU.ActiveCfg = Release|Any CPU
		{6C6300CA-A3F4-4F94-989A-E029590D82E9}.Release|Any CPU.Build.0 = Release|Any CPU
		{CD92B22D-7707-4FC7-B6BA-F299273AF0E1}.Debug|Any CPU.ActiveCfg = Debug|Any CPU
		{CD92B22D-7707-4FC7-B6BA-F299273AF0E1}.Debug|Any CPU.Build.0 = Debug|Any CPU
		{CD92B22D-7707-4FC7-B6BA-F299273AF0E1}.Release|Any CPU.ActiveCfg = Release|Any CPU
		{CD92B22D-7707-4FC7-B6BA-F299273AF0E1}.Release|Any CPU.Build.0 = Release|Any CPU
	EndGlobalSection
	GlobalSection(SolutionProperties) = preSolution
		HideSolutionNode = FALSE
	EndGlobalSection
	GlobalSection(ExtensibilityGlobals) = postSolution
		SolutionGuid = {13ABE691-6D3C-44F3-BF11-6E98955021D2}
	EndGlobalSection
EndGlobal
